
Microsoft Visual Studio Solution File, Format Version 12.00
# Visual Studio 15
VisualStudioVersion = 15.0.27130.2036
MinimumVisualStudioVersion = 10.0.40219.1
Project("{8BC9CEB8-8B4A-11D0-8D11-00A0C91BC942}") = "ProbFundProgConc", "Prog33SecoesCriticas.vcxproj", "{3909BBB4-530D-4C5B-B60C-2879EE0ED259}"
EndProject
Global
	GlobalSection(SolutionConfigurationPlatforms) = preSolution
		Debug|Win32 = Debug|Win32
		Release|Win32 = Release|Win32
	EndGlobalSection
	GlobalSection(ProjectConfigurationPlatforms) = postSolution
		{3909BBB4-530D-4C5B-B60C-2879EE0ED259}.Debug|Win32.ActiveCfg = Debug|Win32
		{3909BBB4-530D-4C5B-B60C-2879EE0ED259}.Debug|Win32.Build.0 = Debug|Win32
		{3909BBB4-530D-4C5B-B60C-2879EE0ED259}.Release|Win32.ActiveCfg = Release|Win32
		{3909BBB4-530D-4C5B-B60C-2879EE0ED259}.Release|Win32.Build.0 = Release|Win32
	EndGlobalSection
	GlobalSection(SolutionProperties) = preSolution
		HideSolutionNode = FALSE
	EndGlobalSection
	GlobalSection(ExtensibilityGlobals) = postSolution
		SolutionGuid = {E16B4538-4EEF-4E9B-AECA-AA368132AC8A}
	EndGlobalSection
EndGlobal
